
Microsoft Visual Studio Solution File, Format Version 12.00
# Visual Studio Version 17
VisualStudioVersion = 17.4.33205.214
MinimumVisualStudioVersion = 10.0.40219.1
Project("{FAE04EC0-301F-11D3-BF4B-00C04F79EFBC}") = "L1", "L1\L1.csproj", "{57A79E42-BBBB-461D-A289-272A360E138A}"
EndProject
Global
	GlobalSection(SolutionConfigurationPlatforms) = preSolution
		Debug|Any CPU = Debug|Any CPU
		Release|Any CPU = Release|Any CPU
	EndGlobalSection
	GlobalSection(ProjectConfigurationPlatforms) = postSolution
		{57A79E42-BBBB-461D-A289-272A360E138A}.Debug|Any CPU.ActiveCfg = Debug|Any CPU
		{57A79E42-BBBB-461D-A289-272A360E138A}.Debug|Any CPU.Build.0 = Debug|Any CPU
		{57A79E42-BBBB-461D-A289-272A360E138A}.Release|Any CPU.ActiveCfg = Release|Any CPU
		{57A79E42-BBBB-461D-A289-272A360E138A}.Release|Any CPU.Build.0 = Release|Any CPU
	EndGlobalSection
	GlobalSection(SolutionProperties) = preSolution
		HideSolutionNode = FALSE
	EndGlobalSection
	GlobalSection(ExtensibilityGlobals) = postSolution
		SolutionGuid = {2572F66F-E203-4F08-9EA5-153B062CB78F}
	EndGlobalSection
EndGlobal
