
Microsoft Visual Studio Solution File, Format Version 12.00
# Visual Studio Version 17
VisualStudioVersion = 17.4.33205.214
MinimumVisualStudioVersion = 10.0.40219.1
Project("{FAE04EC0-301F-11D3-BF4B-00C04F79EFBC}") = "L7", "L7\L7.csproj", "{E3BC5F04-9C2D-4BAE-B23B-46697DD3884E}"
EndProject
Global
	GlobalSection(SolutionConfigurationPlatforms) = preSolution
		Debug|Any CPU = Debug|Any CPU
		Release|Any CPU = Release|Any CPU
	EndGlobalSection
	GlobalSection(ProjectConfigurationPlatforms) = postSolution
		{E3BC5F04-9C2D-4BAE-B23B-46697DD3884E}.Debug|Any CPU.ActiveCfg = Debug|Any CPU
		{E3BC5F04-9C2D-4BAE-B23B-46697DD3884E}.Debug|Any CPU.Build.0 = Debug|Any CPU
		{E3BC5F04-9C2D-4BAE-B23B-46697DD3884E}.Release|Any CPU.ActiveCfg = Release|Any CPU
		{E3BC5F04-9C2D-4BAE-B23B-46697DD3884E}.Release|Any CPU.Build.0 = Release|Any CPU
	EndGlobalSection
	GlobalSection(SolutionProperties) = preSolution
		HideSolutionNode = FALSE
	EndGlobalSection
	GlobalSection(ExtensibilityGlobals) = postSolution
		SolutionGuid = {C219C87D-F6C4-4EEC-9914-91FF3B5878E2}
	EndGlobalSection
EndGlobal
