
Microsoft Visual Studio Solution File, Format Version 12.00
# Visual Studio Version 17
VisualStudioVersion = 17.4.33205.214
MinimumVisualStudioVersion = 10.0.40219.1
Project("{FAE04EC0-301F-11D3-BF4B-00C04F79EFBC}") = "L1", "L1\L1.csproj", "{20501D9D-3008-4328-81E6-DA053BAFBF69}"
EndProject
Global
	GlobalSection(SolutionConfigurationPlatforms) = preSolution
		Debug|Any CPU = Debug|Any CPU
		Release|Any CPU = Release|Any CPU
	EndGlobalSection
	GlobalSection(ProjectConfigurationPlatforms) = postSolution
		{20501D9D-3008-4328-81E6-DA053BAFBF69}.Debug|Any CPU.ActiveCfg = Debug|Any CPU
		{20501D9D-3008-4328-81E6-DA053BAFBF69}.Debug|Any CPU.Build.0 = Debug|Any CPU
		{20501D9D-3008-4328-81E6-DA053BAFBF69}.Release|Any CPU.ActiveCfg = Release|Any CPU
		{20501D9D-3008-4328-81E6-DA053BAFBF69}.Release|Any CPU.Build.0 = Release|Any CPU
	EndGlobalSection
	GlobalSection(SolutionProperties) = preSolution
		HideSolutionNode = FALSE
	EndGlobalSection
	GlobalSection(ExtensibilityGlobals) = postSolution
		SolutionGuid = {3B14FAD7-8EFC-45AE-A22F-E32279769E30}
	EndGlobalSection
EndGlobal
